
Microsoft Visual Studio Solution File, Format Version 12.00
# Visual Studio Version 17
VisualStudioVersion = 17.1.32228.430
MinimumVisualStudioVersion = 10.0.40219.1
Project("{FAE04EC0-301F-11D3-BF4B-00C04F79EFBC}") = "b12", "b12.csproj", "{6926AFF7-B4A1-4415-961D-D36113B9451D}"
EndProject
Global
	GlobalSection(SolutionConfigurationPlatforms) = preSolution
		Debug|Any CPU = Debug|Any CPU
		Release|Any CPU = Release|Any CPU
	EndGlobalSection
	GlobalSection(ProjectConfigurationPlatforms) = postSolution
		{6926AFF7-B4A1-4415-961D-D36113B9451D}.Debug|Any CPU.ActiveCfg = Debug|Any CPU
		{6926AFF7-B4A1-4415-961D-D36113B9451D}.Debug|Any CPU.Build.0 = Debug|Any CPU
		{6926AFF7-B4A1-4415-961D-D36113B9451D}.Release|Any CPU.ActiveCfg = Release|Any CPU
		{6926AFF7-B4A1-4415-961D-D36113B9451D}.Release|Any CPU.Build.0 = Release|Any CPU
	EndGlobalSection
	GlobalSection(SolutionProperties) = preSolution
		HideSolutionNode = FALSE
	EndGlobalSection
	GlobalSection(ExtensibilityGlobals) = postSolution
		SolutionGuid = {6D4170FC-CAD6-4B3A-BC6A-49B902137E6E}
	EndGlobalSection
EndGlobal
