
Microsoft Visual Studio Solution File, Format Version 12.00
# Visual Studio Version 17
VisualStudioVersion = 17.1.32228.430
MinimumVisualStudioVersion = 10.0.40219.1
Project("{FAE04EC0-301F-11D3-BF4B-00C04F79EFBC}") = "b17", "b17.csproj", "{1C612F67-403D-44D9-88F2-5D8F7A952203}"
EndProject
Global
	GlobalSection(SolutionConfigurationPlatforms) = preSolution
		Debug|Any CPU = Debug|Any CPU
		Release|Any CPU = Release|Any CPU
	EndGlobalSection
	GlobalSection(ProjectConfigurationPlatforms) = postSolution
		{1C612F67-403D-44D9-88F2-5D8F7A952203}.Debug|Any CPU.ActiveCfg = Debug|Any CPU
		{1C612F67-403D-44D9-88F2-5D8F7A952203}.Debug|Any CPU.Build.0 = Debug|Any CPU
		{1C612F67-403D-44D9-88F2-5D8F7A952203}.Release|Any CPU.ActiveCfg = Release|Any CPU
		{1C612F67-403D-44D9-88F2-5D8F7A952203}.Release|Any CPU.Build.0 = Release|Any CPU
	EndGlobalSection
	GlobalSection(SolutionProperties) = preSolution
		HideSolutionNode = FALSE
	EndGlobalSection
	GlobalSection(ExtensibilityGlobals) = postSolution
		SolutionGuid = {02AD20E4-9CDE-4652-B823-0F74C7F2D647}
	EndGlobalSection
EndGlobal
