
Microsoft Visual Studio Solution File, Format Version 12.00
# Visual Studio Version 17
VisualStudioVersion = 17.1.32228.430
MinimumVisualStudioVersion = 10.0.40219.1
Project("{FAE04EC0-301F-11D3-BF4B-00C04F79EFBC}") = "b13", "b13.csproj", "{CDFB00ED-3F4A-481B-8C43-F0E541B6568C}"
EndProject
Global
	GlobalSection(SolutionConfigurationPlatforms) = preSolution
		Debug|Any CPU = Debug|Any CPU
		Release|Any CPU = Release|Any CPU
	EndGlobalSection
	GlobalSection(ProjectConfigurationPlatforms) = postSolution
		{CDFB00ED-3F4A-481B-8C43-F0E541B6568C}.Debug|Any CPU.ActiveCfg = Debug|Any CPU
		{CDFB00ED-3F4A-481B-8C43-F0E541B6568C}.Debug|Any CPU.Build.0 = Debug|Any CPU
		{CDFB00ED-3F4A-481B-8C43-F0E541B6568C}.Release|Any CPU.ActiveCfg = Release|Any CPU
		{CDFB00ED-3F4A-481B-8C43-F0E541B6568C}.Release|Any CPU.Build.0 = Release|Any CPU
	EndGlobalSection
	GlobalSection(SolutionProperties) = preSolution
		HideSolutionNode = FALSE
	EndGlobalSection
	GlobalSection(ExtensibilityGlobals) = postSolution
		SolutionGuid = {BB7D28F0-E11C-4CB6-A6B1-0926D2531014}
	EndGlobalSection
EndGlobal
