
Microsoft Visual Studio Solution File, Format Version 12.00
# Visual Studio Version 17
VisualStudioVersion = 17.1.32228.430
MinimumVisualStudioVersion = 10.0.40219.1
Project("{FAE04EC0-301F-11D3-BF4B-00C04F79EFBC}") = "b11", "b11.csproj", "{10F2B872-AAC7-4E07-9536-23CBBA831D41}"
EndProject
Global
	GlobalSection(SolutionConfigurationPlatforms) = preSolution
		Debug|Any CPU = Debug|Any CPU
		Release|Any CPU = Release|Any CPU
	EndGlobalSection
	GlobalSection(ProjectConfigurationPlatforms) = postSolution
		{10F2B872-AAC7-4E07-9536-23CBBA831D41}.Debug|Any CPU.ActiveCfg = Debug|Any CPU
		{10F2B872-AAC7-4E07-9536-23CBBA831D41}.Debug|Any CPU.Build.0 = Debug|Any CPU
		{10F2B872-AAC7-4E07-9536-23CBBA831D41}.Release|Any CPU.ActiveCfg = Release|Any CPU
		{10F2B872-AAC7-4E07-9536-23CBBA831D41}.Release|Any CPU.Build.0 = Release|Any CPU
	EndGlobalSection
	GlobalSection(SolutionProperties) = preSolution
		HideSolutionNode = FALSE
	EndGlobalSection
	GlobalSection(ExtensibilityGlobals) = postSolution
		SolutionGuid = {DB440027-97DA-4EE1-A303-FB41DD4A615B}
	EndGlobalSection
EndGlobal
